PODS:
  - Flutter (1.0.0)
  - test_plugin (0.0.1):
    - Flutter

DEPENDENCIES:
  - Flutter (from `Flutter`)
  - test_plugin (from `.symlinks/plugins/test_plugin/ios`)

EXTERNAL SOURCES:
  Flutter:
    :path: Flutter
  test_plugin:
    :path: ".symlinks/plugins/test_plugin/ios"

SPEC CHECKSUMS:
  Flutter: 0e3d915762c693b495b44d77113d4970485de6ec
  test_plugin: 209407397166f1f448c9ac87337e79b6fa32aa28

PODFILE CHECKSUM: aafe91acc616949ddb318b77800a7f51bffa2a4c

COCOAPODS: 1.9.1
